Microsoft Visual Studio Solution File, Format Version 12.00
# Visual Studio Version 17
VisualStudioVersion = 17.5.33530.505
MinimumVisualStudioVersion = 10.0.40219.1
Project("{9A19103F-16F7-4668-BE54-9A1E7A4F7556}") = "KotorMessageInjector", "KotorMessageInjector\KotorMessageInjector.csproj", "{5FB31DF9-663F-46F5-9C22-F8B83934130C}"
EndProject
Project("{FAE04EC0-301F-11D3-BF4B-00C04F79EFBC}") = "testApp", "testApp\testApp.csproj", "{940D1D6C-908C-4BB3-B4CB-801E810BA0EC}"
EndProject
Global
	GlobalSection(SolutionConfigurationPlatforms) = preSolution
		Debug|Any CPU = Debug|Any CPU
		Release|Any CPU = Release|Any CPU
	EndGlobalSection
	GlobalSection(ProjectConfigurationPlatforms) = postSolution
		{5FB31DF9-663F-46F5-9C22-F8B83934130C}.Debug|Any CPU.ActiveCfg = Debug|Any CPU
		{5FB31DF9-663F-46F5-9C22-F8B83934130C}.Debug|Any CPU.Build.0 = Debug|Any CPU
		{5FB31DF9-663F-46F5-9C22-F8B83934130C}.Release|Any CPU.ActiveCfg = Release|Any CPU
		{5FB31DF9-663F-46F5-9C22-F8B83934130C}.Release|Any CPU.Build.0 = Release|Any CPU
		{940D1D6C-908C-4BB3-B4CB-801E810BA0EC}.Debug|Any CPU.ActiveCfg = Debug|Any CPU
		{940D1D6C-908C-4BB3-B4CB-801E810BA0EC}.Debug|Any CPU.Build.0 = Debug|Any CPU
		{940D1D6C-908C-4BB3-B4CB-801E810BA0EC}.Release|Any CPU.ActiveCfg = Release|Any CPU
		{940D1D6C-908C-4BB3-B4CB-801E810BA0EC}.Release|Any CPU.Build.0 = Release|Any CPU
	EndGlobalSection
	GlobalSection(SolutionProperties) = preSolution
		HideSolutionNode = FALSE
	EndGlobalSection
	GlobalSection(ExtensibilityGlobals) = postSolution
		SolutionGuid = {B1F1545A-4DB6-4D15-8704-39CD1C8D7B82}
	EndGlobalSection
EndGlobal
